# @generated by Move, please check-in and do not edit manually.

[move]
version = 2
manifest_digest = "F6DFF22B902C41A6E266A39373376B421A8BE72D946C2DE3A22FF468698D1C9D"
deps_digest = "F8BBB0CCB2491CA29A3DF03D6F92277A4F3574266507ACD77214D37ECA3F3082"
dependencies = [
  { name = "Sui" },
]

[[move.package]]
name = "MoveStdlib"
source = { git = "https://github.com/MystenLabs/sui.git", rev = "framework/testnet", subdir = "crates/sui-framework/packages/move-stdlib" }

[[move.package]]
name = "Sui"
source = { git = "https://github.com/MystenLabs/sui.git", rev = "framework/testnet", subdir = "crates/sui-framework/packages/sui-framework" }

dependencies = [
  { name = "MoveStdlib" },
]

[move.toolchain-version]
compiler-version = "1.30.1"
edition = "2024.beta"
flavor = "sui"

[env]

[env.testnet]
chain-id = "4c78adac"
original-published-id = "0x279056dd817675193198b288be2cf2bae3c8ddf99b10ca353263d19449444e0e"
latest-published-id = "0x279056dd817675193198b288be2cf2bae3c8ddf99b10ca353263d19449444e0e"
published-version = "1"

[env.devnet]
chain-id = "3ec346ee"
original-published-id = "0x106668a1e399110dac8136d1224d173b9963268fa35aca99acb0508f6728d8a9"
latest-published-id = "0x106668a1e399110dac8136d1224d173b9963268fa35aca99acb0508f6728d8a9"
published-version = "1"
